
Microsoft Visual Studio Solution File, Format Version 12.00
# Visual Studio Version 17
VisualStudioVersion = 17.7.34031.279
MinimumVisualStudioVersion = 10.0.40219.1
Project("{FAE04EC0-301F-11D3-BF4B-00C04F79EFBC}") = "FoodApplication", "FoodApplication\FoodApplication.csproj", "{3ED1FCAB-F492-4437-8B81-BBED4F143824}"
EndProject
Global
	GlobalSection(SolutionConfigurationPlatforms) = preSolution
		Debug|Any CPU = Debug|Any CPU
		Release|Any CPU = Release|Any CPU
	EndGlobalSection
	GlobalSection(ProjectConfigurationPlatforms) = postSolution
		{3ED1FCAB-F492-4437-8B81-BBED4F143824}.Debug|Any CPU.ActiveCfg = Debug|Any CPU
		{3ED1FCAB-F492-4437-8B81-BBED4F143824}.Debug|Any CPU.Build.0 = Debug|Any CPU
		{3ED1FCAB-F492-4437-8B81-BBED4F143824}.Release|Any CPU.ActiveCfg = Release|Any CPU
		{3ED1FCAB-F492-4437-8B81-BBED4F143824}.Release|Any CPU.Build.0 = Release|Any CPU
	EndGlobalSection
	GlobalSection(SolutionProperties) = preSolution
		HideSolutionNode = FALSE
	EndGlobalSection
	GlobalSection(ExtensibilityGlobals) = postSolution
		SolutionGuid = {E0FA5044-E2E4-4318-9CB3-1EB3302427D0}
	EndGlobalSection
EndGlobal
