
Microsoft Visual Studio Solution File, Format Version 12.00
# Visual Studio Version 17
VisualStudioVersion = 17.7.34031.279
MinimumVisualStudioVersion = 10.0.40219.1
Project("{FAE04EC0-301F-11D3-BF4B-00C04F79EFBC}") = "OrderFoodApplication", "OrderFoodApplication\OrderFoodApplication.csproj", "{47A7E43A-C2A6-49EF-817A-3DDE08C8774F}"
EndProject
Global
	GlobalSection(SolutionConfigurationPlatforms) = preSolution
		Debug|Any CPU = Debug|Any CPU
		Release|Any CPU = Release|Any CPU
	EndGlobalSection
	GlobalSection(ProjectConfigurationPlatforms) = postSolution
		{47A7E43A-C2A6-49EF-817A-3DDE08C8774F}.Debug|Any CPU.ActiveCfg = Debug|Any CPU
		{47A7E43A-C2A6-49EF-817A-3DDE08C8774F}.Debug|Any CPU.Build.0 = Debug|Any CPU
		{47A7E43A-C2A6-49EF-817A-3DDE08C8774F}.Release|Any CPU.ActiveCfg = Release|Any CPU
		{47A7E43A-C2A6-49EF-817A-3DDE08C8774F}.Release|Any CPU.Build.0 = Release|Any CPU
	EndGlobalSection
	GlobalSection(SolutionProperties) = preSolution
		HideSolutionNode = FALSE
	EndGlobalSection
	GlobalSection(ExtensibilityGlobals) = postSolution
		SolutionGuid = {DD0A982C-10F7-44D7-80C7-66504C203E98}
	EndGlobalSection
EndGlobal
